
Microsoft Visual Studio Solution File, Format Version 12.00
# Visual Studio Version 16
VisualStudioVersion = 16.0.808.8
MinimumVisualStudioVersion = 10.0.40219.1
Project("{FAE04EC0-301F-11D3-BF4B-00C04F79EFBC}") = "cadastro-cliente", "cadastro-cliente\cadastro-cliente.csproj", "{0F4F4B4F-48DF-4142-9834-7C8BE57367D7}"
EndProject
Project("{2150E333-8FDC-42A3-9474-1A3956D46DE8}") = "Solution Items", "Solution Items", "{DD1E77DC-1DC7-472C-97C7-3E3F518B078A}"
EndProject
Global
	GlobalSection(SolutionConfigurationPlatforms) = preSolution
		Debug|Any CPU = Debug|Any CPU
		Release|Any CPU = Release|Any CPU
	EndGlobalSection
	GlobalSection(ProjectConfigurationPlatforms) = postSolution
		{0F4F4B4F-48DF-4142-9834-7C8BE57367D7}.Debug|Any CPU.ActiveCfg = Debug|Any CPU
		{0F4F4B4F-48DF-4142-9834-7C8BE57367D7}.Debug|Any CPU.Build.0 = Debug|Any CPU
		{0F4F4B4F-48DF-4142-9834-7C8BE57367D7}.Release|Any CPU.ActiveCfg = Release|Any CPU
		{0F4F4B4F-48DF-4142-9834-7C8BE57367D7}.Release|Any CPU.Build.0 = Release|Any CPU
	EndGlobalSection
	GlobalSection(SolutionProperties) = preSolution
		HideSolutionNode = FALSE
	EndGlobalSection
	GlobalSection(ExtensibilityGlobals) = postSolution
		SolutionGuid = {8F9E7CE7-362D-4EC3-871D-47B1FA19A0C6}
	EndGlobalSection
EndGlobal
